<?xml version="1.0" encoding="utf-8"?>
<Project ToolsVersion="4.0" xmlns="http://schemas.microsoft.com/developer/msbuild/2003">
  <ItemGroup>
    <Filter Include="소스 파일">
      <UniqueIdentifier>{4FC737F1-C7A5-4376-A066-2A32D752A2FF}</UniqueIdentifier>
      <Extensions>cpp;c;cc;cxx;c++;cppm;ixx;def;odl;idl;hpj;bat;asm;asmx</Extensions>
    </Filter>
    <Filter Include="리소스 파일">
      <UniqueIdentifier>{67DA6AB6-F800-4c08-8B7A-83BB121AAD01}</UniqueIdentifier>
      <Extensions>rc;ico;cur;bmp;dlg;rc2;rct;bin;rgs;gif;jpg;jpeg;jpe;resx;tiff;tif;png;wav;mfcribbon-ms</Extensions>
    </Filter>
    <Filter Include="소스 파일\99_Header">
      <UniqueIdentifier>{f8abb8fd-a981-44d7-9af0-963113abb58d}</UniqueIdentifier>
    </Filter>
    <Filter Include="소스 파일\01_Main">
      <UniqueIdentifier>{760cee85-0736-45f5-b8df-0250fca8cb96}</UniqueIdentifier>
    </Filter>
  </ItemGroup>
  <ItemGroup>
    <ClInclude Include="99_Header\Main\framework.h">
      <Filter>소스 파일\99_Header</Filter>
    </ClInclude>
    <ClInclude Include="99_Header\Main\Resource.h">
      <Filter>소스 파일\99_Header</Filter>
    </ClInclude>
    <ClInclude Include="99_Header\Main\targetver.h">
      <Filter>소스 파일\99_Header</Filter>
    </ClInclude>
    <ClInclude Include="01_Main\DirectX_Coding.h">
      <Filter>소스 파일\01_Main</Filter>
    </ClInclude>
    <ClInclude Include="99_Header\Main\pch.h">
      <Filter>소스 파일\99_Header</Filter>
    </ClInclude>
    <ClInclude Include="99_Header\Struct.h" />
    <ClInclude Include="99_Header\Values.h" />
    <ClInclude Include="99_Header\Types.h" />
    <ClInclude Include="01_Main\Main_Game.h" />
  </ItemGroup>
  <ItemGroup>
    <ResourceCompile Include="99_Header\Main\DirectX_Coding.rc">
      <Filter>리소스 파일</Filter>
    </ResourceCompile>
  </ItemGroup>
  <ItemGroup>
    <Image Include="99_Header\Main\small.ico">
      <Filter>리소스 파일</Filter>
    </Image>
    <Image Include="99_Header\Main\DirectX_Coding.ico">
      <Filter>리소스 파일</Filter>
    </Image>
  </ItemGroup>
  <ItemGroup>
    <ClCompile Include="01_Main\DirectX_Coding.cpp">
      <Filter>소스 파일\01_Main</Filter>
    </ClCompile>
    <ClCompile Include="99_Header\Main\pch.cpp">
      <Filter>소스 파일\99_Header</Filter>
    </ClCompile>
    <ClCompile Include="01_Main\Main_Game.cpp">
      <Filter>소스 파일</Filter>
    </ClCompile>
  </ItemGroup>
  <ItemGroup>
    <FxCompile Include="98_Shader\Default.hlsl" />
  </ItemGroup>
</Project>